
Microsoft Visual Studio Solution File, Format Version 12.00
# Visual Studio Version 16
VisualStudioVersion = 16.0.29306.81
MinimumVisualStudioVersion = 10.0.40219.1
Project("{FAE04EC0-301F-11D3-BF4B-00C04F79EFBC}") = "FoodTruck", "FoodTruck\FoodTruck.csproj", "{849EAC99-F37E-4B26-9D63-53073D8F9CBC}"
EndProject
Project("{FAE04EC0-301F-11D3-BF4B-00C04F79EFBC}") = "testLinq", "testLinq\testLinq.csproj", "{EC7123E0-20B1-4210-A65B-88E7E218B587}"
EndProject
Global
	GlobalSection(SolutionConfigurationPlatforms) = preSolution
		Debug|Any CPU = Debug|Any CPU
		Release|Any CPU = Release|Any CPU
	EndGlobalSection
	GlobalSection(ProjectConfigurationPlatforms) = postSolution
		{849EAC99-F37E-4B26-9D63-53073D8F9CBC}.Debug|Any CPU.ActiveCfg = Debug|Any CPU
		{849EAC99-F37E-4B26-9D63-53073D8F9CBC}.Debug|Any CPU.Build.0 = Debug|Any CPU
		{849EAC99-F37E-4B26-9D63-53073D8F9CBC}.Release|Any CPU.ActiveCfg = Release|Any CPU
		{849EAC99-F37E-4B26-9D63-53073D8F9CBC}.Release|Any CPU.Build.0 = Release|Any CPU
		{EC7123E0-20B1-4210-A65B-88E7E218B587}.Debug|Any CPU.ActiveCfg = Debug|Any CPU
		{EC7123E0-20B1-4210-A65B-88E7E218B587}.Debug|Any CPU.Build.0 = Debug|Any CPU
		{EC7123E0-20B1-4210-A65B-88E7E218B587}.Release|Any CPU.ActiveCfg = Release|Any CPU
		{EC7123E0-20B1-4210-A65B-88E7E218B587}.Release|Any CPU.Build.0 = Release|Any CPU
	EndGlobalSection
	GlobalSection(SolutionProperties) = preSolution
		HideSolutionNode = FALSE
	EndGlobalSection
	GlobalSection(ExtensibilityGlobals) = postSolution
		SolutionGuid = {72DFD121-B171-47F1-AA6B-3BC377F75610}
	EndGlobalSection
EndGlobal
